{
  "name": "lowercase",
  "version": "1.0.0",
  "lockfileVersion": 3,
  "requires": true,
  "packages": {
    "": {
      "name": "lowercase",
      "version": "1.0.0",
      "license": "ISC",
      "dependencies": {
        "lower-case": "^3.0.0"
      }
    },
    "node_modules/lower-case": {
      "version": "3.0.0",
      "resolved": "https://registry.npmjs.org/lower-case/-/lower-case-3.0.0.tgz",
      "integrity": "sha512-KvfWLLeuCsAiu/qKewwRySKdF9ZUU9kuYMNxQWkLBvAe43t1013h7Cef6+I1BJAo9dpioYcM5rXwdQjCoJ3U/A==",
      "deprecated": "Use `str.toLocaleLowerCase` or `str.toLowerCase`"
    }
  }
}
